
Microsoft Visual Studio Solution File, Format Version 12.00
# Visual Studio 15
VisualStudioVersion = 15.0.28307.329
MinimumVisualStudioVersion = 10.0.40219.1
Project("{FAE04EC0-301F-11D3-BF4B-00C04F79EFBC}") = "WzorceKonstrukcyjne", "WzorceKonstrukcyjne\WzorceKonstrukcyjne.csproj", "{501089B8-2962-4BFA-8C01-A76398BF917C}"
EndProject
Global
	GlobalSection(SolutionConfigurationPlatforms) = preSolution
		Debug|Any CPU = Debug|Any CPU
		Release|Any CPU = Release|Any CPU
	EndGlobalSection
	GlobalSection(ProjectConfigurationPlatforms) = postSolution
		{501089B8-2962-4BFA-8C01-A76398BF917C}.Debug|Any CPU.ActiveCfg = Debug|Any CPU
		{501089B8-2962-4BFA-8C01-A76398BF917C}.Debug|Any CPU.Build.0 = Debug|Any CPU
		{501089B8-2962-4BFA-8C01-A76398BF917C}.Release|Any CPU.ActiveCfg = Release|Any CPU
		{501089B8-2962-4BFA-8C01-A76398BF917C}.Release|Any CPU.Build.0 = Release|Any CPU
	EndGlobalSection
	GlobalSection(SolutionProperties) = preSolution
		HideSolutionNode = FALSE
	EndGlobalSection
	GlobalSection(ExtensibilityGlobals) = postSolution
		SolutionGuid = {A1C01AD5-C797-447A-883F-8947850FB568}
	EndGlobalSection
EndGlobal
